// !$*UTF8*$!
{
	archiveVersion = 1;
	classes = {
	};
	objectVersion = 46;
	objects = {

/* Begin PBXBuildFile section */
		04172FFB1AF79498006EE22F /* ProgressViewController.swift in Sources */ = {isa = PBXBuildFile; fileRef = 04172FFA1AF79498006EE22F /* ProgressViewController.swift */; };
		041C84981AF531D100DA00A0 /* Bolts.framework in Frameworks */ = {isa = PBXBuildFile; fileRef = 041C84961AF531D100DA00A0 /* Bolts.framework */; };
		041C84991AF531D100DA00A0 /* Parse.framework in Frameworks */ = {isa = PBXBuildFile; fileRef = 041C84971AF531D100DA00A0 /* Parse.framework */; };
		041C849B1AF5321200DA00A0 /* AudioToolbox.framework in Frameworks */ = {isa = PBXBuildFile; fileRef = 041C849A1AF5321200DA00A0 /* AudioToolbox.framework */; };
		041C849D1AF5321B00DA00A0 /* CFNetwork.framework in Frameworks */ = {isa = PBXBuildFile; fileRef = 041C849C1AF5321B00DA00A0 /* CFNetwork.framework */; };
		041C849F1AF5322600DA00A0 /* CoreGraphics.framework in Frameworks */ = {isa = PBXBuildFile; fileRef = 041C849E1AF5322600DA00A0 /* CoreGraphics.framework */; };
		041C84A11AF5323100DA00A0 /* CoreLocation.framework in Frameworks */ = {isa = PBXBuildFile; fileRef = 041C84A01AF5323100DA00A0 /* CoreLocation.framework */; };
		041C84A31AF5323D00DA00A0 /* MobileCoreServices.framework in Frameworks */ = {isa = PBXBuildFile; fileRef = 041C84A21AF5323D00DA00A0 /* MobileCoreServices.framework */; };
		041C84A51AF5324600DA00A0 /* QuartzCore.framework in Frameworks */ = {isa = PBXBuildFile; fileRef = 041C84A41AF5324600DA00A0 /* QuartzCore.framework */; };
		041C84A71AF5325000DA00A0 /* Security.framework in Frameworks */ = {isa = PBXBuildFile; fileRef = 041C84A61AF5325000DA00A0 /* Security.framework */; };
		041C84A91AF5325800DA00A0 /* StoreKit.framework in Frameworks */ = {isa = PBXBuildFile; fileRef = 041C84A81AF5325800DA00A0 /* StoreKit.framework */; };
		041C84AB1AF5326300DA00A0 /* SystemConfiguration.framework in Frameworks */ = {isa = PBXBuildFile; fileRef = 041C84AA1AF5326300DA00A0 /* SystemConfiguration.framework */; };
		041C84AD1AF5327000DA00A0 /* libz.dylib in Frameworks */ = {isa = PBXBuildFile; fileRef = 041C84AC1AF5327000DA00A0 /* libz.dylib */; };
		041C84AF1AF5328000DA00A0 /* libsqlite3.dylib in Frameworks */ = {isa = PBXBuildFile; fileRef = 041C84AE1AF5328000DA00A0 /* libsqlite3.dylib */; };
		041C84BA1AF534B000DA00A0 /* Accounts.framework in Frameworks */ = {isa = PBXBuildFile; fileRef = 041C84B91AF534B000DA00A0 /* Accounts.framework */; };
		041C84BC1AF534B700DA00A0 /* Social.framework in Frameworks */ = {isa = PBXBuildFile; fileRef = 041C84BB1AF534B700DA00A0 /* Social.framework */; };
		0423FFD41AFA125100C22722 /* Cloud.swift in Sources */ = {isa = PBXBuildFile; fileRef = 0423FFD31AFA125100C22722 /* Cloud.swift */; };
		046428391AF4B9D2000EC419 /* AppDelegate.swift in Sources */ = {isa = PBXBuildFile; fileRef = 046428381AF4B9D2000EC419 /* AppDelegate.swift */; };
		0464283E1AF4B9D2000EC419 /* Main.storyboard in Resources */ = {isa = PBXBuildFile; fileRef = 0464283C1AF4B9D2000EC419 /* Main.storyboard */; };
		046428401AF4B9D2000EC419 /* Images.xcassets in Resources */ = {isa = PBXBuildFile; fileRef = 0464283F1AF4B9D2000EC419 /* Images.xcassets */; };
		046428431AF4B9D2000EC419 /* LaunchScreen.xib in Resources */ = {isa = PBXBuildFile; fileRef = 046428411AF4B9D2000EC419 /* LaunchScreen.xib */; };
		0464284F1AF4B9D2000EC419 /* Connection_Tests.swift in Sources */ = {isa = PBXBuildFile; fileRef = 0464284E1AF4B9D2000EC419 /* Connection_Tests.swift */; };
		046428591AF4C160000EC419 /* MainTableViewController.swift in Sources */ = {isa = PBXBuildFile; fileRef = 046428581AF4C160000EC419 /* MainTableViewController.swift */; };
		049669451AFBA3AA007239BF /* JSON.swift in Sources */ = {isa = PBXBuildFile; fileRef = 049669441AFBA3AA007239BF /* JSON.swift */; };
		049669491AFBAE33007239BF /* ParseWrapper.swift in Sources */ = {isa = PBXBuildFile; fileRef = 049669481AFBAE33007239BF /* ParseWrapper.swift */; };
		0496694B1AFBB2E9007239BF /* Log.swift in Sources */ = {isa = PBXBuildFile; fileRef = 0496694A1AFBB2E9007239BF /* Log.swift */; };
		04C3815E1AF4E4360084F0B0 /* MainTableViewCell.swift in Sources */ = {isa = PBXBuildFile; fileRef = 04C3815D1AF4E4360084F0B0 /* MainTableViewCell.swift */; };
/* End PBXBuildFile section */

/* Begin PBXContainerItemProxy section */
		046428491AF4B9D2000EC419 /* PBXContainerItemProxy */ = {
			isa = PBXContainerItemProxy;
			containerPortal = 0464282B1AF4B9D2000EC419 /* Project object */;
			proxyType = 1;
			remoteGlobalIDString = 046428321AF4B9D2000EC419;
			remoteInfo = "Connection!";
		};
/* End PBXContainerItemProxy section */

/* Begin PBXFileReference section */
		04172FFA1AF79498006EE22F /* ProgressViewController.swift */ = {isa = PBXFileReference; fileEncoding = 4; lastKnownFileType = sourcecode.swift; path = ProgressViewController.swift; sourceTree = "<group>"; };
		041C84961AF531D100DA00A0 /* Bolts.framework */ = {isa = PBXFileReference; lastKnownFileType = wrapper.framework; path = Bolts.framework; sourceTree = "<group>"; };
		041C84971AF531D100DA00A0 /* Parse.framework */ = {isa = PBXFileReference; lastKnownFileType = wrapper.framework; path = Parse.framework; sourceTree = "<group>"; };
		041C849A1AF5321200DA00A0 /* AudioToolbox.framework */ = {isa = PBXFileReference; lastKnownFileType = wrapper.framework; name = AudioToolbox.framework; path = System/Library/Frameworks/AudioToolbox.framework; sourceTree = SDKROOT; };
		041C849C1AF5321B00DA00A0 /* CFNetwork.framework */ = {isa = PBXFileReference; lastKnownFileType = wrapper.framework; name = CFNetwork.framework; path = System/Library/Frameworks/CFNetwork.framework; sourceTree = SDKROOT; };
		041C849E1AF5322600DA00A0 /* CoreGraphics.framework */ = {isa = PBXFileReference; lastKnownFileType = wrapper.framework; name = CoreGraphics.framework; path = System/Library/Frameworks/CoreGraphics.framework; sourceTree = SDKROOT; };
		041C84A01AF5323100DA00A0 /* CoreLocation.framework */ = {isa = PBXFileReference; lastKnownFileType = wrapper.framework; name = CoreLocation.framework; path = System/Library/Frameworks/CoreLocation.framework; sourceTree = SDKROOT; };
		041C84A21AF5323D00DA00A0 /* MobileCoreServices.framework */ = {isa = PBXFileReference; lastKnownFileType = wrapper.framework; name = MobileCoreServices.framework; path = System/Library/Frameworks/MobileCoreServices.framework; sourceTree = SDKROOT; };
		041C84A41AF5324600DA00A0 /* QuartzCore.framework */ = {isa = PBXFileReference; lastKnownFileType = wrapper.framework; name = QuartzCore.framework; path = System/Library/Frameworks/QuartzCore.framework; sourceTree = SDKROOT; };
		041C84A61AF5325000DA00A0 /* Security.framework */ = {isa = PBXFileReference; lastKnownFileType = wrapper.framework; name = Security.framework; path = System/Library/Frameworks/Security.framework; sourceTree = SDKROOT; };
		041C84A81AF5325800DA00A0 /* StoreKit.framework */ = {isa = PBXFileReference; lastKnownFileType = wrapper.framework; name = StoreKit.framework; path = System/Library/Frameworks/StoreKit.framework; sourceTree = SDKROOT; };
		041C84AA1AF5326300DA00A0 /* SystemConfiguration.framework */ = {isa = PBXFileReference; lastKnownFileType = wrapper.framework; name = SystemConfiguration.framework; path = System/Library/Frameworks/SystemConfiguration.framework; sourceTree = SDKROOT; };
		041C84AC1AF5327000DA00A0 /* libz.dylib */ = {isa = PBXFileReference; lastKnownFileType = "compiled.mach-o.dylib"; name = libz.dylib; path = usr/lib/libz.dylib; sourceTree = SDKROOT; };
		041C84AE1AF5328000DA00A0 /* libsqlite3.dylib */ = {isa = PBXFileReference; lastKnownFileType = "compiled.mach-o.dylib"; name = libsqlite3.dylib; path = usr/lib/libsqlite3.dylib; sourceTree = SDKROOT; };
		041C84B91AF534B000DA00A0 /* Accounts.framework */ = {isa = PBXFileReference; lastKnownFileType = wrapper.framework; name = Accounts.framework; path = System/Library/Frameworks/Accounts.framework; sourceTree = SDKROOT; };
		041C84BB1AF534B700DA00A0 /* Social.framework */ = {isa = PBXFileReference; lastKnownFileType = wrapper.framework; name = Social.framework; path = System/Library/Frameworks/Social.framework; sourceTree = SDKROOT; };
		0423FFD31AFA125100C22722 /* Cloud.swift */ = {isa = PBXFileReference; fileEncoding = 4; lastKnownFileType = sourcecode.swift; path = Cloud.swift; sourceTree = "<group>"; };
		045B737A1AF8966300E5BD78 /* Connection!-Bridging-Header.h */ = {isa = PBXFileReference; fileEncoding = 4; lastKnownFileType = sourcecode.c.h; path = "Connection!-Bridging-Header.h"; sourceTree = "<group>"; };
		046428331AF4B9D2000EC419 /* Connection!.app */ = {isa = PBXFileReference; explicitFileType = wrapper.application; includeInIndex = 0; path = "Connection!.app"; sourceTree = BUILT_PRODUCTS_DIR; };
		046428371AF4B9D2000EC419 /* Info.plist */ = {isa = PBXFileReference; lastKnownFileType = text.plist.xml; path = Info.plist; sourceTree = "<group>"; };
		046428381AF4B9D2000EC419 /* AppDelegate.swift */ = {isa = PBXFileReference; lastKnownFileType = sourcecode.swift; path = AppDelegate.swift; sourceTree = "<group>"; };
		0464283D1AF4B9D2000EC419 /* Base */ = {isa = PBXFileReference; lastKnownFileType = file.storyboard; name = Base; path = Base.lproj/Main.storyboard; sourceTree = "<group>"; };
		0464283F1AF4B9D2000EC419 /* Images.xcassets */ = {isa = PBXFileReference; lastKnownFileType = folder.assetcatalog; path = Images.xcassets; sourceTree = "<group>"; };
		046428421AF4B9D2000EC419 /* Base */ = {isa = PBXFileReference; lastKnownFileType = file.xib; name = Base; path = Base.lproj/LaunchScreen.xib; sourceTree = "<group>"; };
		046428481AF4B9D2000EC419 /* Connection!Tests.xctest */ = {isa = PBXFileReference; explicitFileType = wrapper.cfbundle; includeInIndex = 0; path = "Connection!Tests.xctest"; sourceTree = BUILT_PRODUCTS_DIR; };
		0464284D1AF4B9D2000EC419 /* Info.plist */ = {isa = PBXFileReference; lastKnownFileType = text.plist.xml; path = Info.plist; sourceTree = "<group>"; };
		0464284E1AF4B9D2000EC419 /* Connection_Tests.swift */ = {isa = PBXFileReference; lastKnownFileType = sourcecode.swift; path = Connection_Tests.swift; sourceTree = "<group>"; };
		046428581AF4C160000EC419 /* MainTableViewController.swift */ = {isa = PBXFileReference; fileEncoding = 4; lastKnownFileType = sourcecode.swift; path = MainTableViewController.swift; sourceTree = "<group>"; };
		049669441AFBA3AA007239BF /* JSON.swift */ = {isa = PBXFileReference; fileEncoding = 4; lastKnownFileType = sourcecode.swift; path = JSON.swift; sourceTree = "<group>"; };
		049669481AFBAE33007239BF /* ParseWrapper.swift */ = {isa = PBXFileReference; fileEncoding = 4; lastKnownFileType = sourcecode.swift; path = ParseWrapper.swift; sourceTree = "<group>"; };
		0496694A1AFBB2E9007239BF /* Log.swift */ = {isa = PBXFileReference; fileEncoding = 4; lastKnownFileType = sourcecode.swift; path = Log.swift; sourceTree = "<group>"; };
		04C3815D1AF4E4360084F0B0 /* MainTableViewCell.swift */ = {isa = PBXFileReference; fileEncoding = 4; lastKnownFileType = sourcecode.swift; path = MainTableViewCell.swift; sourceTree = "<group>"; };
/* End PBXFileReference section */

/* Begin PBXFrameworksBuildPhase section */
		046428301AF4B9D2000EC419 /* Frameworks */ = {
			isa = PBXFrameworksBuildPhase;
			buildActionMask = 2147483647;
			files = (
				041C84BC1AF534B700DA00A0 /* Social.framework in Frameworks */,
				041C84BA1AF534B000DA00A0 /* Accounts.framework in Frameworks */,
				041C84AF1AF5328000DA00A0 /* libsqlite3.dylib in Frameworks */,
				041C84AD1AF5327000DA00A0 /* libz.dylib in Frameworks */,
				041C84AB1AF5326300DA00A0 /* SystemConfiguration.framework in Frameworks */,
				041C84A91AF5325800DA00A0 /* StoreKit.framework in Frameworks */,
				041C84A71AF5325000DA00A0 /* Security.framework in Frameworks */,
				041C84A51AF5324600DA00A0 /* QuartzCore.framework in Frameworks */,
				041C84A31AF5323D00DA00A0 /* MobileCoreServices.framework in Frameworks */,
				041C84A11AF5323100DA00A0 /* CoreLocation.framework in Frameworks */,
				041C849F1AF5322600DA00A0 /* CoreGraphics.framework in Frameworks */,
				041C849D1AF5321B00DA00A0 /* CFNetwork.framework in Frameworks */,
				041C849B1AF5321200DA00A0 /* AudioToolbox.framework in Frameworks */,
				041C84991AF531D100DA00A0 /* Parse.framework in Frameworks */,
				041C84981AF531D100DA00A0 /* Bolts.framework in Frameworks */,
			);
			runOnlyForDeploymentPostprocessing = 0;
		};
		046428451AF4B9D2000EC419 /* Frameworks */ = {
			isa = PBXFrameworksBuildPhase;
			buildActionMask = 2147483647;
			files = (
			);
			runOnlyForDeploymentPostprocessing = 0;
		};
/* End PBXFrameworksBuildPhase section */

/* Begin PBXGroup section */
		041C84BD1AF5394E00DA00A0 /* Frameworks */ = {
			isa = PBXGroup;
			children = (
				041C84961AF531D100DA00A0 /* Bolts.framework */,
				041C84971AF531D100DA00A0 /* Parse.framework */,
				041C84BB1AF534B700DA00A0 /* Social.framework */,
				041C84B91AF534B000DA00A0 /* Accounts.framework */,
				041C84AE1AF5328000DA00A0 /* libsqlite3.dylib */,
				041C84AC1AF5327000DA00A0 /* libz.dylib */,
				041C84AA1AF5326300DA00A0 /* SystemConfiguration.framework */,
				041C84A81AF5325800DA00A0 /* StoreKit.framework */,
				041C84A61AF5325000DA00A0 /* Security.framework */,
				041C84A41AF5324600DA00A0 /* QuartzCore.framework */,
				041C84A21AF5323D00DA00A0 /* MobileCoreServices.framework */,
				041C84A01AF5323100DA00A0 /* CoreLocation.framework */,
				041C849E1AF5322600DA00A0 /* CoreGraphics.framework */,
				041C849C1AF5321B00DA00A0 /* CFNetwork.framework */,
				041C849A1AF5321200DA00A0 /* AudioToolbox.framework */,
			);
			name = Frameworks;
			sourceTree = "<group>";
		};
		0423FFD51AFA129400C22722 /* UI */ = {
			isa = PBXGroup;
			children = (
				049669431AFB66D4007239BF /* VC */,
				049669421AFB667A007239BF /* Cell */,
			);
			name = UI;
			sourceTree = "<group>";
		};
		0423FFD61AFA12AB00C22722 /* Model */ = {
			isa = PBXGroup;
			children = (
				0423FFD31AFA125100C22722 /* Cloud.swift */,
				049669441AFBA3AA007239BF /* JSON.swift */,
				049669481AFBAE33007239BF /* ParseWrapper.swift */,
				0496694A1AFBB2E9007239BF /* Log.swift */,
			);
			name = Model;
			sourceTree = "<group>";
		};
		0464282A1AF4B9D2000EC419 = {
			isa = PBXGroup;
			children = (
				046428351AF4B9D2000EC419 /* Connection! */,
				0464284B1AF4B9D2000EC419 /* Connection!Tests */,
				046428341AF4B9D2000EC419 /* Products */,
			);
			sourceTree = "<group>";
		};
		046428341AF4B9D2000EC419 /* Products */ = {
			isa = PBXGroup;
			children = (
				046428331AF4B9D2000EC419 /* Connection!.app */,
				046428481AF4B9D2000EC419 /* Connection!Tests.xctest */,
			);
			name = Products;
			sourceTree = "<group>";
		};
		046428351AF4B9D2000EC419 /* Connection! */ = {
			isa = PBXGroup;
			children = (
				0423FFD51AFA129400C22722 /* UI */,
				0423FFD61AFA12AB00C22722 /* Model */,
				046428381AF4B9D2000EC419 /* AppDelegate.swift */,
				0464283C1AF4B9D2000EC419 /* Main.storyboard */,
				0464283F1AF4B9D2000EC419 /* Images.xcassets */,
				046428411AF4B9D2000EC419 /* LaunchScreen.xib */,
				041C84BD1AF5394E00DA00A0 /* Frameworks */,
				046428361AF4B9D2000EC419 /* Supporting Files */,
				045B737A1AF8966300E5BD78 /* Connection!-Bridging-Header.h */,
			);
			path = "Connection!";
			sourceTree = "<group>";
		};
		046428361AF4B9D2000EC419 /* Supporting Files */ = {
			isa = PBXGroup;
			children = (
				046428371AF4B9D2000EC419 /* Info.plist */,
			);
			name = "Supporting Files";
			sourceTree = "<group>";
		};
		0464284B1AF4B9D2000EC419 /* Connection!Tests */ = {
			isa = PBXGroup;
			children = (
				0464284E1AF4B9D2000EC419 /* Connection_Tests.swift */,
				0464284C1AF4B9D2000EC419 /* Supporting Files */,
			);
			path = "Connection!Tests";
			sourceTree = "<group>";
		};
		0464284C1AF4B9D2000EC419 /* Supporting Files */ = {
			isa = PBXGroup;
			children = (
				0464284D1AF4B9D2000EC419 /* Info.plist */,
			);
			name = "Supporting Files";
			sourceTree = "<group>";
		};
		049669421AFB667A007239BF /* Cell */ = {
			isa = PBXGroup;
			children = (
				04C3815D1AF4E4360084F0B0 /* MainTableViewCell.swift */,
			);
			name = Cell;
			sourceTree = "<group>";
		};
		049669431AFB66D4007239BF /* VC */ = {
			isa = PBXGroup;
			children = (
				046428581AF4C160000EC419 /* MainTableViewController.swift */,
				04172FFA1AF79498006EE22F /* ProgressViewController.swift */,
			);
			name = VC;
			sourceTree = "<group>";
		};
/* End PBXGroup section */

/* Begin PBXNativeTarget section */
		046428321AF4B9D2000EC419 /* Connection! */ = {
			isa = PBXNativeTarget;
			buildConfigurationList = 046428521AF4B9D2000EC419 /* Build configuration list for PBXNativeTarget "Connection!" */;
			buildPhases = (
				0464282F1AF4B9D2000EC419 /* Sources */,
				046428301AF4B9D2000EC419 /* Frameworks */,
				046428311AF4B9D2000EC419 /* Resources */,
			);
			buildRules = (
			);
			dependencies = (
			);
			name = "Connection!";
			productName = "Connection!";
			productReference = 046428331AF4B9D2000EC419 /* Connection!.app */;
			productType = "com.apple.product-type.application";
		};
		046428471AF4B9D2000EC419 /* Connection!Tests */ = {
			isa = PBXNativeTarget;
			buildConfigurationList = 046428551AF4B9D2000EC419 /* Build configuration list for PBXNativeTarget "Connection!Tests" */;
			buildPhases = (
				046428441AF4B9D2000EC419 /* Sources */,
				046428451AF4B9D2000EC419 /* Frameworks */,
				046428461AF4B9D2000EC419 /* Resources */,
			);
			buildRules = (
			);
			dependencies = (
				0464284A1AF4B9D2000EC419 /* PBXTargetDependency */,
			);
			name = "Connection!Tests";
			productName = "Connection!Tests";
			productReference = 046428481AF4B9D2000EC419 /* Connection!Tests.xctest */;
			productType = "com.apple.product-type.bundle.unit-test";
		};
/* End PBXNativeTarget section */

/* Begin PBXProject section */
		0464282B1AF4B9D2000EC419 /* Project object */ = {
			isa = PBXProject;
			attributes = {
				LastUpgradeCheck = 0630;
				ORGANIZATIONNAME = "Avi Cohen";
				TargetAttributes = {
					046428321AF4B9D2000EC419 = {
						CreatedOnToolsVersion = 6.3;
						DevelopmentTeam = 4JEK9RGB6D;
					};
					046428471AF4B9D2000EC419 = {
						CreatedOnToolsVersion = 6.3;
						TestTargetID = 046428321AF4B9D2000EC419;
					};
				};
			};
			buildConfigurationList = 0464282E1AF4B9D2000EC419 /* Build configuration list for PBXProject "Connection!" */;
			compatibilityVersion = "Xcode 3.2";
			developmentRegion = English;
			hasScannedForEncodings = 0;
			knownRegions = (
				en,
				Base,
			);
			mainGroup = 0464282A1AF4B9D2000EC419;
			productRefGroup = 046428341AF4B9D2000EC419 /* Products */;
			projectDirPath = "";
			projectRoot = "";
			targets = (
				046428321AF4B9D2000EC419 /* Connection! */,
				046428471AF4B9D2000EC419 /* Connection!Tests */,
			);
		};
/* End PBXProject section */

/* Begin PBXResourcesBuildPhase section */
		046428311AF4B9D2000EC419 /* Resources */ = {
			isa = PBXResourcesBuildPhase;
			buildActionMask = 2147483647;
			files = (
				0464283E1AF4B9D2000EC419 /* Main.storyboard in Resources */,
				046428431AF4B9D2000EC419 /* LaunchScreen.xib in Resources */,
				046428401AF4B9D2000EC419 /* Images.xcassets in Resources */,
			);
			runOnlyForDeploymentPostprocessing = 0;
		};
		046428461AF4B9D2000EC419 /* Resources */ = {
			isa = PBXResourcesBuildPhase;
			buildActionMask = 2147483647;
			files = (
			);
			runOnlyForDeploymentPostprocessing = 0;
		};
/* End PBXResourcesBuildPhase section */

/* Begin PBXSourcesBuildPhase section */
		0464282F1AF4B9D2000EC419 /* Sources */ = {
			isa = PBXSourcesBuildPhase;
			buildActionMask = 2147483647;
			files = (
				0423FFD41AFA125100C22722 /* Cloud.swift in Sources */,
				049669491AFBAE33007239BF /* ParseWrapper.swift in Sources */,
				04172FFB1AF79498006EE22F /* ProgressViewController.swift in Sources */,
				046428591AF4C160000EC419 /* MainTableViewController.swift in Sources */,
				049669451AFBA3AA007239BF /* JSON.swift in Sources */,
				04C3815E1AF4E4360084F0B0 /* MainTableViewCell.swift in Sources */,
				046428391AF4B9D2000EC419 /* AppDelegate.swift in Sources */,
				0496694B1AFBB2E9007239BF /* Log.swift in Sources */,
			);
			runOnlyForDeploymentPostprocessing = 0;
		};
		046428441AF4B9D2000EC419 /* Sources */ = {
			isa = PBXSourcesBuildPhase;
			buildActionMask = 2147483647;
			files = (
				0464284F1AF4B9D2000EC419 /* Connection_Tests.swift in Sources */,
			);
			runOnlyForDeploymentPostprocessing = 0;
		};
/* End PBXSourcesBuildPhase section */

/* Begin PBXTargetDependency section */
		0464284A1AF4B9D2000EC419 /* PBXTargetDependency */ = {
			isa = PBXTargetDependency;
			target = 046428321AF4B9D2000EC419 /* Connection! */;
			targetProxy = 046428491AF4B9D2000EC419 /* PBXContainerItemProxy */;
		};
/* End PBXTargetDependency section */

/* Begin PBXVariantGroup section */
		0464283C1AF4B9D2000EC419 /* Main.storyboard */ = {
			isa = PBXVariantGroup;
			children = (
				0464283D1AF4B9D2000EC419 /* Base */,
			);
			name = Main.storyboard;
			sourceTree = "<group>";
		};
		046428411AF4B9D2000EC419 /* LaunchScreen.xib */ = {
			isa = PBXVariantGroup;
			children = (
				046428421AF4B9D2000EC419 /* Base */,
			);
			name = LaunchScreen.xib;
			sourceTree = "<group>";
		};
/* End PBXVariantGroup section */

/* Begin XCBuildConfiguration section */
		046428501AF4B9D2000EC419 /* Debug */ = {
			isa = XCBuildConfiguration;
			buildSettings = {
				ALWAYS_SEARCH_USER_PATHS = NO;
				CLANG_CXX_LANGUAGE_STANDARD = "gnu++0x";
				CLANG_CXX_LIBRARY = "libc++";
				CLANG_ENABLE_MODULES = YES;
				CLANG_ENABLE_OBJC_ARC = YES;
				CLANG_WARN_BOOL_CONVERSION = YES;
				CLANG_WARN_CONSTANT_CONVERSION = YES;
				CLANG_WARN_DIRECT_OBJC_ISA_USAGE = YES_ERROR;
				CLANG_WARN_EMPTY_BODY = YES;
				CLANG_WARN_ENUM_CONVERSION = YES;
				CLANG_WARN_INT_CONVERSION = YES;
				CLANG_WARN_OBJC_ROOT_CLASS = YES_ERROR;
				CLANG_WARN_UNREACHABLE_CODE = YES;
				CLANG_WARN__DUPLICATE_METHOD_MATCH = YES;
				"CODE_SIGN_IDENTITY[sdk=iphoneos*]" = "iPhone Developer";
				COPY_PHASE_STRIP = NO;
				DEBUG_INFORMATION_FORMAT = "dwarf-with-dsym";
				ENABLE_STRICT_OBJC_MSGSEND = YES;
				GCC_C_LANGUAGE_STANDARD = gnu99;
				GCC_DYNAMIC_NO_PIC = NO;
				GCC_NO_COMMON_BLOCKS = YES;
				GCC_OPTIMIZATION_LEVEL = 0;
				GCC_PREPROCESSOR_DEFINITIONS = (
					"DEBUG=1",
					"$(inherited)",
				);
				GCC_SYMBOLS_PRIVATE_EXTERN = NO;
				GCC_WARN_64_TO_32_BIT_CONVERSION = YES;
				GCC_WARN_ABOUT_RETURN_TYPE = YES_ERROR;
				GCC_WARN_UNDECLARED_SELECTOR = YES;
				GCC_WARN_UNINITIALIZED_AUTOS = YES_AGGRESSIVE;
				GCC_WARN_UNUSED_FUNCTION = YES;
				GCC_WARN_UNUSED_VARIABLE = YES;
				IPHONEOS_DEPLOYMENT_TARGET = 8.3;
				MTL_ENABLE_DEBUG_INFO = YES;
				ONLY_ACTIVE_ARCH = YES;
				OTHER_LDFLAGS = (
					"$(OTHER_LDFLAGS)",
					"-ObjC",
				);
				SDKROOT = iphoneos;
				SWIFT_OPTIMIZATION_LEVEL = "-Onone";
				TARGETED_DEVICE_FAMILY = "1,2";
			};
			name = Debug;
		};
		046428511AF4B9D2000EC419 /* Release */ = {
			isa = XCBuildConfiguration;
			buildSettings = {
				ALWAYS_SEARCH_USER_PATHS = NO;
				CLANG_CXX_LANGUAGE_STANDARD = "gnu++0x";
				CLANG_CXX_LIBRARY = "libc++";
				CLANG_ENABLE_MODULES = YES;
				CLANG_ENABLE_OBJC_ARC = YES;
				CLANG_WARN_BOOL_CONVERSION = YES;
				CLANG_WARN_CONSTANT_CONVERSION = YES;
				CLANG_WARN_DIRECT_OBJC_ISA_USAGE = YES_ERROR;
				CLANG_WARN_EMPTY_BODY = YES;
				CLANG_WARN_ENUM_CONVERSION = YES;
				CLANG_WARN_INT_CONVERSION = YES;
				CLANG_WARN_OBJC_ROOT_CLASS = YES_ERROR;
				CLANG_WARN_UNREACHABLE_CODE = YES;
				CLANG_WARN__DUPLICATE_METHOD_MATCH = YES;
				"CODE_SIGN_IDENTITY[sdk=iphoneos*]" = "iPhone Developer";
				COPY_PHASE_STRIP = NO;
				DEBUG_INFORMATION_FORMAT = "dwarf-with-dsym";
				ENABLE_NS_ASSERTIONS = NO;
				ENABLE_STRICT_OBJC_MSGSEND = YES;
				GCC_C_LANGUAGE_STANDARD = gnu99;
				GCC_NO_COMMON_BLOCKS = YES;
				GCC_WARN_64_TO_32_BIT_CONVERSION = YES;
				GCC_WARN_ABOUT_RETURN_TYPE = YES_ERROR;
				GCC_WARN_UNDECLARED_SELECTOR = YES;
				GCC_WARN_UNINITIALIZED_AUTOS = YES_AGGRESSIVE;
				GCC_WARN_UNUSED_FUNCTION = YES;
				GCC_WARN_UNUSED_VARIABLE = YES;
				IPHONEOS_DEPLOYMENT_TARGET = 8.3;
				MTL_ENABLE_DEBUG_INFO = NO;
				OTHER_LDFLAGS = (
					"$(OTHER_LDFLAGS)",
					"-ObjC",
				);
				SDKROOT = iphoneos;
				TARGETED_DEVICE_FAMILY = "1,2";
				VALIDATE_PRODUCT = YES;
			};
			name = Release;
		};
		046428531AF4B9D2000EC419 /* Debug */ = {
			isa = XCBuildConfiguration;
			buildSettings = {
				ASSETCATALOG_COMPILER_APPICON_NAME = AppIcon;
				CLANG_ENABLE_MODULES = YES;
				CODE_SIGN_IDENTITY = "iPhone Developer";
				FRAMEWORK_SEARCH_PATHS = (
					"$(inherited)",
					"$(PROJECT_DIR)/Connection!",
				);
				INFOPLIST_FILE = "Connection!/Info.plist";
				LD_RUNPATH_SEARCH_PATHS = "$(inherited) @executable_path/Frameworks";
				PRODUCT_NAME = "$(TARGET_NAME)";
				SWIFT_OBJC_BRIDGING_HEADER = "Connection!/Connection!-Bridging-Header.h";
				SWIFT_OPTIMIZATION_LEVEL = "-Onone";
			};
			name = Debug;
		};
		046428541AF4B9D2000EC419 /* Release */ = {
			isa = XCBuildConfiguration;
			buildSettings = {
				ASSETCATALOG_COMPILER_APPICON_NAME = AppIcon;
				CLANG_ENABLE_MODULES = YES;
				CODE_SIGN_IDENTITY = "iPhone Developer";
				FRAMEWORK_SEARCH_PATHS = (
					"$(inherited)",
					"$(PROJECT_DIR)/Connection!",
				);
				INFOPLIST_FILE = "Connection!/Info.plist";
				LD_RUNPATH_SEARCH_PATHS = "$(inherited) @executable_path/Frameworks";
				PRODUCT_NAME = "$(TARGET_NAME)";
				SWIFT_OBJC_BRIDGING_HEADER = "Connection!/Connection!-Bridging-Header.h";
			};
			name = Release;
		};
		046428561AF4B9D2000EC419 /* Debug */ = {
			isa = XCBuildConfiguration;
			buildSettings = {
				BUNDLE_LOADER = "$(TEST_HOST)";
				FRAMEWORK_SEARCH_PATHS = (
					"$(SDKROOT)/Developer/Library/Frameworks",
					"$(inherited)",
				);
				GCC_PREPROCESSOR_DEFINITIONS = (
					"DEBUG=1",
					"$(inherited)",
				);
				INFOPLIST_FILE = "Connection!Tests/Info.plist";
				LD_RUNPATH_SEARCH_PATHS = "$(inherited) @executable_path/Frameworks @loader_path/Frameworks";
				PRODUCT_NAME = "$(TARGET_NAME)";
				TEST_HOST = "$(BUILT_PRODUCTS_DIR)/Connection!.app/Connection!";
			};
			name = Debug;
		};
		046428571AF4B9D2000EC419 /* Release */ = {
			isa = XCBuildConfiguration;
			buildSettings = {
				BUNDLE_LOADER = "$(TEST_HOST)";
				FRAMEWORK_SEARCH_PATHS = (
					"$(SDKROOT)/Developer/Library/Frameworks",
					"$(inherited)",
				);
				INFOPLIST_FILE = "Connection!Tests/Info.plist";
				LD_RUNPATH_SEARCH_PATHS = "$(inherited) @executable_path/Frameworks @loader_path/Frameworks";
				PRODUCT_NAME = "$(TARGET_NAME)";
				TEST_HOST = "$(BUILT_PRODUCTS_DIR)/Connection!.app/Connection!";
			};
			name = Release;
		};
/* End XCBuildConfiguration section */

/* Begin XCConfigurationList section */
		0464282E1AF4B9D2000EC419 /* Build configuration list for PBXProject "Connection!" */ = {
			isa = XCConfigurationList;
			buildConfigurations = (
				046428501AF4B9D2000EC419 /* Debug */,
				046428511AF4B9D2000EC419 /* Release */,
			);
			defaultConfigurationIsVisible = 0;
			defaultConfigurationName = Release;
		};
		046428521AF4B9D2000EC419 /* Build configuration list for PBXNativeTarget "Connection!" */ = {
			isa = XCConfigurationList;
			buildConfigurations = (
				046428531AF4B9D2000EC419 /* Debug */,
				046428541AF4B9D2000EC419 /* Release */,
			);
			defaultConfigurationIsVisible = 0;
			defaultConfigurationName = Release;
		};
		046428551AF4B9D2000EC419 /* Build configuration list for PBXNativeTarget "Connection!Tests" */ = {
			isa = XCConfigurationList;
			buildConfigurations = (
				046428561AF4B9D2000EC419 /* Debug */,
				046428571AF4B9D2000EC419 /* Release */,
			);
			defaultConfigurationIsVisible = 0;
			defaultConfigurationName = Release;
		};
/* End XCConfigurationList section */
	};
	rootObject = 0464282B1AF4B9D2000EC419 /* Project object */;
}
